// !$*UTF8*$!
{
	archiveVersion = 1;
	classes = {
	};
	objectVersion = 50;
	objects = {

/* Begin PBXBuildFile section */
		6734884622545F4900615F82 /* AppDelegate.swift in Sources */ = {isa = PBXBuildFile; fileRef = 6734884522545F4900615F82 /* AppDelegate.swift */; };
		6734884822545F4900615F82 /* MainVC.swift in Sources */ = {isa = PBXBuildFile; fileRef = 6734884722545F4900615F82 /* MainVC.swift */; };
		6734884B22545F4900615F82 /* Main.storyboard in Resources */ = {isa = PBXBuildFile; fileRef = 6734884922545F4900615F82 /* Main.storyboard */; };
		6734884E22545F4900615F82 /* table.xcdatamodeld in Sources */ = {isa = PBXBuildFile; fileRef = 6734884C22545F4900615F82 /* table.xcdatamodeld */; };
		6734885022545F4B00615F82 /* Assets.xcassets in Resources */ = {isa = PBXBuildFile; fileRef = 6734884F22545F4B00615F82 /* Assets.xcassets */; };
		6734885322545F4B00615F82 /* LaunchScreen.storyboard in Resources */ = {isa = PBXBuildFile; fileRef = 6734885122545F4B00615F82 /* LaunchScreen.storyboard */; };
		6734885E22545F4B00615F82 /* tableTests.swift in Sources */ = {isa = PBXBuildFile; fileRef = 6734885D22545F4B00615F82 /* tableTests.swift */; };
		6734886922545F4B00615F82 /* tableUITests.swift in Sources */ = {isa = PBXBuildFile; fileRef = 6734886822545F4B00615F82 /* tableUITests.swift */; };
		67348877225461BB00615F82 /* tableVC.swift in Sources */ = {isa = PBXBuildFile; fileRef = 67348876225461BB00615F82 /* tableVC.swift */; };
/* End PBXBuildFile section */

/* Begin PBXContainerItemProxy section */
		6734885A22545F4B00615F82 /* PBXContainerItemProxy */ = {
			isa = PBXContainerItemProxy;
			containerPortal = 6734883A22545F4900615F82 /* Project object */;
			proxyType = 1;
			remoteGlobalIDString = 6734884122545F4900615F82;
			remoteInfo = table;
		};
		6734886522545F4B00615F82 /* PBXContainerItemProxy */ = {
			isa = PBXContainerItemProxy;
			containerPortal = 6734883A22545F4900615F82 /* Project object */;
			proxyType = 1;
			remoteGlobalIDString = 6734884122545F4900615F82;
			remoteInfo = table;
		};
/* End PBXContainerItemProxy section */

/* Begin PBXFileReference section */
		6734884222545F4900615F82 /* table.app */ = {isa = PBXFileReference; explicitFileType = wrapper.application; includeInIndex = 0; path = table.app; sourceTree = BUILT_PRODUCTS_DIR; };
		6734884522545F4900615F82 /* AppDelegate.swift */ = {isa = PBXFileReference; lastKnownFileType = sourcecode.swift; path = AppDelegate.swift; sourceTree = "<group>"; };
		6734884722545F4900615F82 /* MainVC.swift */ = {isa = PBXFileReference; lastKnownFileType = sourcecode.swift; path = MainVC.swift; sourceTree = "<group>"; };
		6734884A22545F4900615F82 /* Base */ = {isa = PBXFileReference; lastKnownFileType = file.storyboard; name = Base; path = Base.lproj/Main.storyboard; sourceTree = "<group>"; };
		6734884D22545F4900615F82 /* table.xcdatamodel */ = {isa = PBXFileReference; lastKnownFileType = wrapper.xcdatamodel; path = table.xcdatamodel; sourceTree = "<group>"; };
		6734884F22545F4B00615F82 /* Assets.xcassets */ = {isa = PBXFileReference; lastKnownFileType = folder.assetcatalog; path = Assets.xcassets; sourceTree = "<group>"; };
		6734885222545F4B00615F82 /* Base */ = {isa = PBXFileReference; lastKnownFileType = file.storyboard; name = Base; path = Base.lproj/LaunchScreen.storyboard; sourceTree = "<group>"; };
		6734885422545F4B00615F82 /* Info.plist */ = {isa = PBXFileReference; lastKnownFileType = text.plist.xml; path = Info.plist; sourceTree = "<group>"; };
		6734885922545F4B00615F82 /* tableTests.xctest */ = {isa = PBXFileReference; explicitFileType = wrapper.cfbundle; includeInIndex = 0; path = tableTests.xctest; sourceTree = BUILT_PRODUCTS_DIR; };
		6734885D22545F4B00615F82 /* tableTests.swift */ = {isa = PBXFileReference; lastKnownFileType = sourcecode.swift; path = tableTests.swift; sourceTree = "<group>"; };
		6734885F22545F4B00615F82 /* Info.plist */ = {isa = PBXFileReference; lastKnownFileType = text.plist.xml; path = Info.plist; sourceTree = "<group>"; };
		6734886422545F4B00615F82 /* tableUITests.xctest */ = {isa = PBXFileReference; explicitFileType = wrapper.cfbundle; includeInIndex = 0; path = tableUITests.xctest; sourceTree = BUILT_PRODUCTS_DIR; };
		6734886822545F4B00615F82 /* tableUITests.swift */ = {isa = PBXFileReference; lastKnownFileType = sourcecode.swift; path = tableUITests.swift; sourceTree = "<group>"; };
		6734886A22545F4B00615F82 /* Info.plist */ = {isa = PBXFileReference; lastKnownFileType = text.plist.xml; path = Info.plist; sourceTree = "<group>"; };
		67348876225461BB00615F82 /* tableVC.swift */ = {isa = PBXFileReference; lastKnownFileType = sourcecode.swift; path = tableVC.swift; sourceTree = "<group>"; };
/* End PBXFileReference section */

/* Begin PBXFrameworksBuildPhase section */
		6734883F22545F4900615F82 /* Frameworks */ = {
			isa = PBXFrameworksBuildPhase;
			buildActionMask = 2147483647;
			files = (
			);
			runOnlyForDeploymentPostprocessing = 0;
		};
		6734885622545F4B00615F82 /* Frameworks */ = {
			isa = PBXFrameworksBuildPhase;
			buildActionMask = 2147483647;
			files = (
			);
			runOnlyForDeploymentPostprocessing = 0;
		};
		6734886122545F4B00615F82 /* Frameworks */ = {
			isa = PBXFrameworksBuildPhase;
			buildActionMask = 2147483647;
			files = (
			);
			runOnlyForDeploymentPostprocessing = 0;
		};
/* End PBXFrameworksBuildPhase section */

/* Begin PBXGroup section */
		6734883922545F4900615F82 = {
			isa = PBXGroup;
			children = (
				6734884422545F4900615F82 /* table */,
				6734885C22545F4B00615F82 /* tableTests */,
				6734886722545F4B00615F82 /* tableUITests */,
				6734884322545F4900615F82 /* Products */,
			);
			sourceTree = "<group>";
		};
		6734884322545F4900615F82 /* Products */ = {
			isa = PBXGroup;
			children = (
				6734884222545F4900615F82 /* table.app */,
				6734885922545F4B00615F82 /* tableTests.xctest */,
				6734886422545F4B00615F82 /* tableUITests.xctest */,
			);
			name = Products;
			sourceTree = "<group>";
		};
		6734884422545F4900615F82 /* table */ = {
			isa = PBXGroup;
			children = (
				6734884522545F4900615F82 /* AppDelegate.swift */,
				6734884722545F4900615F82 /* MainVC.swift */,
				67348876225461BB00615F82 /* tableVC.swift */,
				6734884922545F4900615F82 /* Main.storyboard */,
				6734884F22545F4B00615F82 /* Assets.xcassets */,
				6734885122545F4B00615F82 /* LaunchScreen.storyboard */,
				6734885422545F4B00615F82 /* Info.plist */,
				6734884C22545F4900615F82 /* table.xcdatamodeld */,
			);
			path = table;
			sourceTree = "<group>";
		};
		6734885C22545F4B00615F82 /* tableTests */ = {
			isa = PBXGroup;
			children = (
				6734885D22545F4B00615F82 /* tableTests.swift */,
				6734885F22545F4B00615F82 /* Info.plist */,
			);
			path = tableTests;
			sourceTree = "<group>";
		};
		6734886722545F4B00615F82 /* tableUITests */ = {
			isa = PBXGroup;
			children = (
				6734886822545F4B00615F82 /* tableUITests.swift */,
				6734886A22545F4B00615F82 /* Info.plist */,
			);
			path = tableUITests;
			sourceTree = "<group>";
		};
/* End PBXGroup section */

/* Begin PBXNativeTarget section */
		6734884122545F4900615F82 /* table */ = {
			isa = PBXNativeTarget;
			buildConfigurationList = 6734886D22545F4B00615F82 /* Build configuration list for PBXNativeTarget "table" */;
			buildPhases = (
				6734883E22545F4900615F82 /* Sources */,
				6734883F22545F4900615F82 /* Frameworks */,
				6734884022545F4900615F82 /* Resources */,
			);
			buildRules = (
			);
			dependencies = (
			);
			name = table;
			productName = table;
			productReference = 6734884222545F4900615F82 /* table.app */;
			productType = "com.apple.product-type.application";
		};
		6734885822545F4B00615F82 /* tableTests */ = {
			isa = PBXNativeTarget;
			buildConfigurationList = 6734887022545F4B00615F82 /* Build configuration list for PBXNativeTarget "tableTests" */;
			buildPhases = (
				6734885522545F4B00615F82 /* Sources */,
				6734885622545F4B00615F82 /* Frameworks */,
				6734885722545F4B00615F82 /* Resources */,
			);
			buildRules = (
			);
			dependencies = (
				6734885B22545F4B00615F82 /* PBXTargetDependency */,
			);
			name = tableTests;
			productName = tableTests;
			productReference = 6734885922545F4B00615F82 /* tableTests.xctest */;
			productType = "com.apple.product-type.bundle.unit-test";
		};
		6734886322545F4B00615F82 /* tableUITests */ = {
			isa = PBXNativeTarget;
			buildConfigurationList = 6734887322545F4B00615F82 /* Build configuration list for PBXNativeTarget "tableUITests" */;
			buildPhases = (
				6734886022545F4B00615F82 /* Sources */,
				6734886122545F4B00615F82 /* Frameworks */,
				6734886222545F4B00615F82 /* Resources */,
			);
			buildRules = (
			);
			dependencies = (
				6734886622545F4B00615F82 /* PBXTargetDependency */,
			);
			name = tableUITests;
			productName = tableUITests;
			productReference = 6734886422545F4B00615F82 /* tableUITests.xctest */;
			productType = "com.apple.product-type.bundle.ui-testing";
		};
/* End PBXNativeTarget section */

/* Begin PBXProject section */
		6734883A22545F4900615F82 /* Project object */ = {
			isa = PBXProject;
			attributes = {
				LastSwiftUpdateCheck = 1010;
				LastUpgradeCheck = 1010;
				ORGANIZATIONNAME = "Mitchell Petellin";
				TargetAttributes = {
					6734884122545F4900615F82 = {
						CreatedOnToolsVersion = 10.1;
					};
					6734885822545F4B00615F82 = {
						CreatedOnToolsVersion = 10.1;
						TestTargetID = 6734884122545F4900615F82;
					};
					6734886322545F4B00615F82 = {
						CreatedOnToolsVersion = 10.1;
						TestTargetID = 6734884122545F4900615F82;
					};
				};
			};
			buildConfigurationList = 6734883D22545F4900615F82 /* Build configuration list for PBXProject "table" */;
			compatibilityVersion = "Xcode 9.3";
			developmentRegion = en;
			hasScannedForEncodings = 0;
			knownRegions = (
				en,
				Base,
			);
			mainGroup = 6734883922545F4900615F82;
			productRefGroup = 6734884322545F4900615F82 /* Products */;
			projectDirPath = "";
			projectRoot = "";
			targets = (
				6734884122545F4900615F82 /* table */,
				6734885822545F4B00615F82 /* tableTests */,
				6734886322545F4B00615F82 /* tableUITests */,
			);
		};
/* End PBXProject section */

/* Begin PBXResourcesBuildPhase section */
		6734884022545F4900615F82 /* Resources */ = {
			isa = PBXResourcesBuildPhase;
			buildActionMask = 2147483647;
			files = (
				6734885322545F4B00615F82 /* LaunchScreen.storyboard in Resources */,
				6734885022545F4B00615F82 /* Assets.xcassets in Resources */,
				6734884B22545F4900615F82 /* Main.storyboard in Resources */,
			);
			runOnlyForDeploymentPostprocessing = 0;
		};
		6734885722545F4B00615F82 /* Resources */ = {
			isa = PBXResourcesBuildPhase;
			buildActionMask = 2147483647;
			files = (
			);
			runOnlyForDeploymentPostprocessing = 0;
		};
		6734886222545F4B00615F82 /* Resources */ = {
			isa = PBXResourcesBuildPhase;
			buildActionMask = 2147483647;
			files = (
			);
			runOnlyForDeploymentPostprocessing = 0;
		};
/* End PBXResourcesBuildPhase section */

/* Begin PBXSourcesBuildPhase section */
		6734883E22545F4900615F82 /* Sources */ = {
			isa = PBXSourcesBuildPhase;
			buildActionMask = 2147483647;
			files = (
				6734884822545F4900615F82 /* MainVC.swift in Sources */,
				6734884622545F4900615F82 /* AppDelegate.swift in Sources */,
				67348877225461BB00615F82 /* tableVC.swift in Sources */,
				6734884E22545F4900615F82 /* table.xcdatamodeld in Sources */,
			);
			runOnlyForDeploymentPostprocessing = 0;
		};
		6734885522545F4B00615F82 /* Sources */ = {
			isa = PBXSourcesBuildPhase;
			buildActionMask = 2147483647;
			files = (
				6734885E22545F4B00615F82 /* tableTests.swift in Sources */,
			);
			runOnlyForDeploymentPostprocessing = 0;
		};
		6734886022545F4B00615F82 /* Sources */ = {
			isa = PBXSourcesBuildPhase;
			buildActionMask = 2147483647;
			files = (
				6734886922545F4B00615F82 /* tableUITests.swift in Sources */,
			);
			runOnlyForDeploymentPostprocessing = 0;
		};
/* End PBXSourcesBuildPhase section */

/* Begin PBXTargetDependency section */
		6734885B22545F4B00615F82 /* PBXTargetDependency */ = {
			isa = PBXTargetDependency;
			target = 6734884122545F4900615F82 /* table */;
			targetProxy = 6734885A22545F4B00615F82 /* PBXContainerItemProxy */;
		};
		6734886622545F4B00615F82 /* PBXTargetDependency */ = {
			isa = PBXTargetDependency;
			target = 6734884122545F4900615F82 /* table */;
			targetProxy = 6734886522545F4B00615F82 /* PBXContainerItemProxy */;
		};
/* End PBXTargetDependency section */

/* Begin PBXVariantGroup section */
		6734884922545F4900615F82 /* Main.storyboard */ = {
			isa = PBXVariantGroup;
			children = (
				6734884A22545F4900615F82 /* Base */,
			);
			name = Main.storyboard;
			sourceTree = "<group>";
		};
		6734885122545F4B00615F82 /* LaunchScreen.storyboard */ = {
			isa = PBXVariantGroup;
			children = (
				6734885222545F4B00615F82 /* Base */,
			);
			name = LaunchScreen.storyboard;
			sourceTree = "<group>";
		};
/* End PBXVariantGroup section */

/* Begin XCBuildConfiguration section */
		6734886B22545F4B00615F82 /* Debug */ = {
			isa = XCBuildConfiguration;
			buildSettings = {
				ALWAYS_SEARCH_USER_PATHS = NO;
				CLANG_ANALYZER_NONNULL = YES;
				CLANG_ANALYZER_NUMBER_OBJECT_CONVERSION = YES_AGGRESSIVE;
				CLANG_CXX_LANGUAGE_STANDARD = "gnu++14";
				CLANG_CXX_LIBRARY = "libc++";
				CLANG_ENABLE_MODULES = YES;
				CLANG_ENABLE_OBJC_ARC = YES;
				CLANG_ENABLE_OBJC_WEAK = YES;
				CLANG_WARN_BLOCK_CAPTURE_AUTORELEASING = YES;
				CLANG_WARN_BOOL_CONVERSION = YES;
				CLANG_WARN_COMMA = YES;
				CLANG_WARN_CONSTANT_CONVERSION = YES;
				CLANG_WARN_DEPRECATED_OBJC_IMPLEMENTATIONS = YES;
				CLANG_WARN_DIRECT_OBJC_ISA_USAGE = YES_ERROR;
				CLANG_WARN_DOCUMENTATION_COMMENTS = YES;
				CLANG_WARN_EMPTY_BODY = YES;
				CLANG_WARN_ENUM_CONVERSION = YES;
				CLANG_WARN_INFINITE_RECURSION = YES;
				CLANG_WARN_INT_CONVERSION = YES;
				CLANG_WARN_NON_LITERAL_NULL_CONVERSION = YES;
				CLANG_WARN_OBJC_IMPLICIT_RETAIN_SELF = YES;
				CLANG_WARN_OBJC_LITERAL_CONVERSION = YES;
				CLANG_WARN_OBJC_ROOT_CLASS = YES_ERROR;
				CLANG_WARN_RANGE_LOOP_ANALYSIS = YES;
				CLANG_WARN_STRICT_PROTOTYPES = YES;
				CLANG_WARN_SUSPICIOUS_MOVE = YES;
				CLANG_WARN_UNGUARDED_AVAILABILITY = YES_AGGRESSIVE;
				CLANG_WARN_UNREACHABLE_CODE = YES;
				CLANG_WARN__DUPLICATE_METHOD_MATCH = YES;
				CODE_SIGN_IDENTITY = "iPhone Developer";
				COPY_PHASE_STRIP = NO;
				DEBUG_INFORMATION_FORMAT = dwarf;
				ENABLE_STRICT_OBJC_MSGSEND = YES;
				ENABLE_TESTABILITY = YES;
				GCC_C_LANGUAGE_STANDARD = gnu11;
				GCC_DYNAMIC_NO_PIC = NO;
				GCC_NO_COMMON_BLOCKS = YES;
				GCC_OPTIMIZATION_LEVEL = 0;
				GCC_PREPROCESSOR_DEFINITIONS = (
					"DEBUG=1",
					"$(inherited)",
				);
				GCC_WARN_64_TO_32_BIT_CONVERSION = YES;
				GCC_WARN_ABOUT_RETURN_TYPE = YES_ERROR;
				GCC_WARN_UNDECLARED_SELECTOR = YES;
				GCC_WARN_UNINITIALIZED_AUTOS = YES_AGGRESSIVE;
				GCC_WARN_UNUSED_FUNCTION = YES;
				GCC_WARN_UNUSED_VARIABLE = YES;
				IPHONEOS_DEPLOYMENT_TARGET = 12.1;
				MTL_ENABLE_DEBUG_INFO = INCLUDE_SOURCE;
				MTL_FAST_MATH = YES;
				ONLY_ACTIVE_ARCH = YES;
				SDKROOT = iphoneos;
				SWIFT_ACTIVE_COMPILATION_CONDITIONS = DEBUG;
				SWIFT_OPTIMIZATION_LEVEL = "-Onone";
			};
			name = Debug;
		};
		6734886C22545F4B00615F82 /* Release */ = {
			isa = XCBuildConfiguration;
			buildSettings = {
				ALWAYS_SEARCH_USER_PATHS = NO;
				CLANG_ANALYZER_NONNULL = YES;
				CLANG_ANALYZER_NUMBER_OBJECT_CONVERSION = YES_AGGRESSIVE;
				CLANG_CXX_LANGUAGE_STANDARD = "gnu++14";
				CLANG_CXX_LIBRARY = "libc++";
				CLANG_ENABLE_MODULES = YES;
				CLANG_ENABLE_OBJC_ARC = YES;
				CLANG_ENABLE_OBJC_WEAK = YES;
				CLANG_WARN_BLOCK_CAPTURE_AUTORELEASING = YES;
				CLANG_WARN_BOOL_CONVERSION = YES;
				CLANG_WARN_COMMA = YES;
				CLANG_WARN_CONSTANT_CONVERSION = YES;
				CLANG_WARN_DEPRECATED_OBJC_IMPLEMENTATIONS = YES;
				CLANG_WARN_DIRECT_OBJC_ISA_USAGE = YES_ERROR;
				CLANG_WARN_DOCUMENTATION_COMMENTS = YES;
				CLANG_WARN_EMPTY_BODY = YES;
				CLANG_WARN_ENUM_CONVERSION = YES;
				CLANG_WARN_INFINITE_RECURSION = YES;
				CLANG_WARN_INT_CONVERSION = YES;
				CLANG_WARN_NON_LITERAL_NULL_CONVERSION = YES;
				CLANG_WARN_OBJC_IMPLICIT_RETAIN_SELF = YES;
				CLANG_WARN_OBJC_LITERAL_CONVERSION = YES;
				CLANG_WARN_OBJC_ROOT_CLASS = YES_ERROR;
				CLANG_WARN_RANGE_LOOP_ANALYSIS = YES;
				CLANG_WARN_STRICT_PROTOTYPES = YES;
				CLANG_WARN_SUSPICIOUS_MOVE = YES;
				CLANG_WARN_UNGUARDED_AVAILABILITY = YES_AGGRESSIVE;
				CLANG_WARN_UNREACHABLE_CODE = YES;
				CLANG_WARN__DUPLICATE_METHOD_MATCH = YES;
				CODE_SIGN_IDENTITY = "iPhone Developer";
				COPY_PHASE_STRIP = NO;
				DEBUG_INFORMATION_FORMAT = "dwarf-with-dsym";
				ENABLE_NS_ASSERTIONS = NO;
				ENABLE_STRICT_OBJC_MSGSEND = YES;
				GCC_C_LANGUAGE_STANDARD = gnu11;
				GCC_NO_COMMON_BLOCKS = YES;
				GCC_WARN_64_TO_32_BIT_CONVERSION = YES;
				GCC_WARN_ABOUT_RETURN_TYPE = YES_ERROR;
				GCC_WARN_UNDECLARED_SELECTOR = YES;
				GCC_WARN_UNINITIALIZED_AUTOS = YES_AGGRESSIVE;
				GCC_WARN_UNUSED_FUNCTION = YES;
				GCC_WARN_UNUSED_VARIABLE = YES;
				IPHONEOS_DEPLOYMENT_TARGET = 12.1;
				MTL_ENABLE_DEBUG_INFO = NO;
				MTL_FAST_MATH = YES;
				SDKROOT = iphoneos;
				SWIFT_COMPILATION_MODE = wholemodule;
				SWIFT_OPTIMIZATION_LEVEL = "-O";
				VALIDATE_PRODUCT = YES;
			};
			name = Release;
		};
		6734886E22545F4B00615F82 /* Debug */ = {
			isa = XCBuildConfiguration;
			buildSettings = {
				ASSETCATALOG_COMPILER_APPICON_NAME = AppIcon;
				CODE_SIGN_STYLE = Automatic;
				INFOPLIST_FILE = table/Info.plist;
				LD_RUNPATH_SEARCH_PATHS = (
					"$(inherited)",
					"@executable_path/Frameworks",
				);
				PRODUCT_BUNDLE_IDENTIFIER = "Mitchell-Petellin.table";
				PRODUCT_NAME = "$(TARGET_NAME)";
				SWIFT_VERSION = 4.2;
				TARGETED_DEVICE_FAMILY = "1,2";
			};
			name = Debug;
		};
		6734886F22545F4B00615F82 /* Release */ = {
			isa = XCBuildConfiguration;
			buildSettings = {
				ASSETCATALOG_COMPILER_APPICON_NAME = AppIcon;
				CODE_SIGN_STYLE = Automatic;
				INFOPLIST_FILE = table/Info.plist;
				LD_RUNPATH_SEARCH_PATHS = (
					"$(inherited)",
					"@executable_path/Frameworks",
				);
				PRODUCT_BUNDLE_IDENTIFIER = "Mitchell-Petellin.table";
				PRODUCT_NAME = "$(TARGET_NAME)";
				SWIFT_VERSION = 4.2;
				TARGETED_DEVICE_FAMILY = "1,2";
			};
			name = Release;
		};
		6734887122545F4B00615F82 /* Debug */ = {
			isa = XCBuildConfiguration;
			buildSettings = {
				ALWAYS_EMBED_SWIFT_STANDARD_LIBRARIES = YES;
				BUNDLE_LOADER = "$(TEST_HOST)";
				CODE_SIGN_STYLE = Automatic;
				INFOPLIST_FILE = tableTests/Info.plist;
				LD_RUNPATH_SEARCH_PATHS = (
					"$(inherited)",
					"@executable_path/Frameworks",
					"@loader_path/Frameworks",
				);
				PRODUCT_BUNDLE_IDENTIFIER = "Mitchell-Petellin.tableTests";
				PRODUCT_NAME = "$(TARGET_NAME)";
				SWIFT_VERSION = 4.2;
				TARGETED_DEVICE_FAMILY = "1,2";
				TEST_HOST = "$(BUILT_PRODUCTS_DIR)/table.app/table";
			};
			name = Debug;
		};
		6734887222545F4B00615F82 /* Release */ = {
			isa = XCBuildConfiguration;
			buildSettings = {
				ALWAYS_EMBED_SWIFT_STANDARD_LIBRARIES = YES;
				BUNDLE_LOADER = "$(TEST_HOST)";
				CODE_SIGN_STYLE = Automatic;
				INFOPLIST_FILE = tableTests/Info.plist;
				LD_RUNPATH_SEARCH_PATHS = (
					"$(inherited)",
					"@executable_path/Frameworks",
					"@loader_path/Frameworks",
				);
				PRODUCT_BUNDLE_IDENTIFIER = "Mitchell-Petellin.tableTests";
				PRODUCT_NAME = "$(TARGET_NAME)";
				SWIFT_VERSION = 4.2;
				TARGETED_DEVICE_FAMILY = "1,2";
				TEST_HOST = "$(BUILT_PRODUCTS_DIR)/table.app/table";
			};
			name = Release;
		};
		6734887422545F4B00615F82 /* Debug */ = {
			isa = XCBuildConfiguration;
			buildSettings = {
				ALWAYS_EMBED_SWIFT_STANDARD_LIBRARIES = YES;
				CODE_SIGN_STYLE = Automatic;
				INFOPLIST_FILE = tableUITests/Info.plist;
				LD_RUNPATH_SEARCH_PATHS = (
					"$(inherited)",
					"@executable_path/Frameworks",
					"@loader_path/Frameworks",
				);
				PRODUCT_BUNDLE_IDENTIFIER = "Mitchell-Petellin.tableUITests";
				PRODUCT_NAME = "$(TARGET_NAME)";
				SWIFT_VERSION = 4.2;
				TARGETED_DEVICE_FAMILY = "1,2";
				TEST_TARGET_NAME = table;
			};
			name = Debug;
		};
		6734887522545F4B00615F82 /* Release */ = {
			isa = XCBuildConfiguration;
			buildSettings = {
				ALWAYS_EMBED_SWIFT_STANDARD_LIBRARIES = YES;
				CODE_SIGN_STYLE = Automatic;
				INFOPLIST_FILE = tableUITests/Info.plist;
				LD_RUNPATH_SEARCH_PATHS = (
					"$(inherited)",
					"@executable_path/Frameworks",
					"@loader_path/Frameworks",
				);
				PRODUCT_BUNDLE_IDENTIFIER = "Mitchell-Petellin.tableUITests";
				PRODUCT_NAME = "$(TARGET_NAME)";
				SWIFT_VERSION = 4.2;
				TARGETED_DEVICE_FAMILY = "1,2";
				TEST_TARGET_NAME = table;
			};
			name = Release;
		};
/* End XCBuildConfiguration section */

/* Begin XCConfigurationList section */
		6734883D22545F4900615F82 /* Build configuration list for PBXProject "table" */ = {
			isa = XCConfigurationList;
			buildConfigurations = (
				6734886B22545F4B00615F82 /* Debug */,
				6734886C22545F4B00615F82 /* Release */,
			);
			defaultConfigurationIsVisible = 0;
			defaultConfigurationName = Release;
		};
		6734886D22545F4B00615F82 /* Build configuration list for PBXNativeTarget "table" */ = {
			isa = XCConfigurationList;
			buildConfigurations = (
				6734886E22545F4B00615F82 /* Debug */,
				6734886F22545F4B00615F82 /* Release */,
			);
			defaultConfigurationIsVisible = 0;
			defaultConfigurationName = Release;
		};
		6734887022545F4B00615F82 /* Build configuration list for PBXNativeTarget "tableTests" */ = {
			isa = XCConfigurationList;
			buildConfigurations = (
				6734887122545F4B00615F82 /* Debug */,
				6734887222545F4B00615F82 /* Release */,
			);
			defaultConfigurationIsVisible = 0;
			defaultConfigurationName = Release;
		};
		6734887322545F4B00615F82 /* Build configuration list for PBXNativeTarget "tableUITests" */ = {
			isa = XCConfigurationList;
			buildConfigurations = (
				6734887422545F4B00615F82 /* Debug */,
				6734887522545F4B00615F82 /* Release */,
			);
			defaultConfigurationIsVisible = 0;
			defaultConfigurationName = Release;
		};
/* End XCConfigurationList section */

/* Begin XCVersionGroup section */
		6734884C22545F4900615F82 /* table.xcdatamodeld */ = {
			isa = XCVersionGroup;
			children = (
				6734884D22545F4900615F82 /* table.xcdatamodel */,
			);
			currentVersion = 6734884D22545F4900615F82 /* table.xcdatamodel */;
			path = table.xcdatamodeld;
			sourceTree = "<group>";
			versionGroupType = wrapper.xcdatamodel;
		};
/* End XCVersionGroup section */
	};
	rootObject = 6734883A22545F4900615F82 /* Project object */;
}
