// !$*UTF8*$!
{
	archiveVersion = 1;
	classes = {
	};
	objectVersion = 50;
	objects = {

/* Begin PBXBuildFile section */
		6734874C2254517500615F82 /* AppDelegate.swift in Sources */ = {isa = PBXBuildFile; fileRef = 6734874B2254517500615F82 /* AppDelegate.swift */; };
		673487512254517500615F82 /* Main.storyboard in Resources */ = {isa = PBXBuildFile; fileRef = 6734874F2254517500615F82 /* Main.storyboard */; };
		673487542254517500615F82 /* mytableview.xcdatamodeld in Sources */ = {isa = PBXBuildFile; fileRef = 673487522254517500615F82 /* mytableview.xcdatamodeld */; };
		673487562254517600615F82 /* Assets.xcassets in Resources */ = {isa = PBXBuildFile; fileRef = 673487552254517600615F82 /* Assets.xcassets */; };
		673487592254517600615F82 /* LaunchScreen.storyboard in Resources */ = {isa = PBXBuildFile; fileRef = 673487572254517600615F82 /* LaunchScreen.storyboard */; };
		673487642254517600615F82 /* mytableviewTests.swift in Sources */ = {isa = PBXBuildFile; fileRef = 673487632254517600615F82 /* mytableviewTests.swift */; };
		6734876F2254517600615F82 /* mytableviewUITests.swift in Sources */ = {isa = PBXBuildFile; fileRef = 6734876E2254517600615F82 /* mytableviewUITests.swift */; };
		6734877F225453A900615F82 /* VideoViewController.swift in Sources */ = {isa = PBXBuildFile; fileRef = 6734877E225453A900615F82 /* VideoViewController.swift */; };
/* End PBXBuildFile section */

/* Begin PBXContainerItemProxy section */
		673487602254517600615F82 /* PBXContainerItemProxy */ = {
			isa = PBXContainerItemProxy;
			containerPortal = 673487402254517500615F82 /* Project object */;
			proxyType = 1;
			remoteGlobalIDString = 673487472254517500615F82;
			remoteInfo = mytableview;
		};
		6734876B2254517600615F82 /* PBXContainerItemProxy */ = {
			isa = PBXContainerItemProxy;
			containerPortal = 673487402254517500615F82 /* Project object */;
			proxyType = 1;
			remoteGlobalIDString = 673487472254517500615F82;
			remoteInfo = mytableview;
		};
/* End PBXContainerItemProxy section */

/* Begin PBXFileReference section */
		673487482254517500615F82 /* mytableview.app */ = {isa = PBXFileReference; explicitFileType = wrapper.application; includeInIndex = 0; path = mytableview.app; sourceTree = BUILT_PRODUCTS_DIR; };
		6734874B2254517500615F82 /* AppDelegate.swift */ = {isa = PBXFileReference; lastKnownFileType = sourcecode.swift; path = AppDelegate.swift; sourceTree = "<group>"; };
		673487502254517500615F82 /* Base */ = {isa = PBXFileReference; lastKnownFileType = file.storyboard; name = Base; path = Base.lproj/Main.storyboard; sourceTree = "<group>"; };
		673487532254517500615F82 /* mytableview.xcdatamodel */ = {isa = PBXFileReference; lastKnownFileType = wrapper.xcdatamodel; path = mytableview.xcdatamodel; sourceTree = "<group>"; };
		673487552254517600615F82 /* Assets.xcassets */ = {isa = PBXFileReference; lastKnownFileType = folder.assetcatalog; path = Assets.xcassets; sourceTree = "<group>"; };
		673487582254517600615F82 /* Base */ = {isa = PBXFileReference; lastKnownFileType = file.storyboard; name = Base; path = Base.lproj/LaunchScreen.storyboard; sourceTree = "<group>"; };
		6734875A2254517600615F82 /* Info.plist */ = {isa = PBXFileReference; lastKnownFileType = text.plist.xml; path = Info.plist; sourceTree = "<group>"; };
		6734875F2254517600615F82 /* mytableviewTests.xctest */ = {isa = PBXFileReference; explicitFileType = wrapper.cfbundle; includeInIndex = 0; path = mytableviewTests.xctest; sourceTree = BUILT_PRODUCTS_DIR; };
		673487632254517600615F82 /* mytableviewTests.swift */ = {isa = PBXFileReference; lastKnownFileType = sourcecode.swift; path = mytableviewTests.swift; sourceTree = "<group>"; };
		673487652254517600615F82 /* Info.plist */ = {isa = PBXFileReference; lastKnownFileType = text.plist.xml; path = Info.plist; sourceTree = "<group>"; };
		6734876A2254517600615F82 /* mytableviewUITests.xctest */ = {isa = PBXFileReference; explicitFileType = wrapper.cfbundle; includeInIndex = 0; path = mytableviewUITests.xctest; sourceTree = BUILT_PRODUCTS_DIR; };
		6734876E2254517600615F82 /* mytableviewUITests.swift */ = {isa = PBXFileReference; lastKnownFileType = sourcecode.swift; path = mytableviewUITests.swift; sourceTree = "<group>"; };
		673487702254517600615F82 /* Info.plist */ = {isa = PBXFileReference; lastKnownFileType = text.plist.xml; path = Info.plist; sourceTree = "<group>"; };
		6734877E225453A900615F82 /* VideoViewController.swift */ = {isa = PBXFileReference; lastKnownFileType = sourcecode.swift; path = VideoViewController.swift; sourceTree = "<group>"; };
/* End PBXFileReference section */

/* Begin PBXFrameworksBuildPhase section */
		673487452254517500615F82 /* Frameworks */ = {
			isa = PBXFrameworksBuildPhase;
			buildActionMask = 2147483647;
			files = (
			);
			runOnlyForDeploymentPostprocessing = 0;
		};
		6734875C2254517600615F82 /* Frameworks */ = {
			isa = PBXFrameworksBuildPhase;
			buildActionMask = 2147483647;
			files = (
			);
			runOnlyForDeploymentPostprocessing = 0;
		};
		673487672254517600615F82 /* Frameworks */ = {
			isa = PBXFrameworksBuildPhase;
			buildActionMask = 2147483647;
			files = (
			);
			runOnlyForDeploymentPostprocessing = 0;
		};
/* End PBXFrameworksBuildPhase section */

/* Begin PBXGroup section */
		6734873F2254517500615F82 = {
			isa = PBXGroup;
			children = (
				6734874A2254517500615F82 /* mytableview */,
				673487622254517600615F82 /* mytableviewTests */,
				6734876D2254517600615F82 /* mytableviewUITests */,
				673487492254517500615F82 /* Products */,
			);
			sourceTree = "<group>";
		};
		673487492254517500615F82 /* Products */ = {
			isa = PBXGroup;
			children = (
				673487482254517500615F82 /* mytableview.app */,
				6734875F2254517600615F82 /* mytableviewTests.xctest */,
				6734876A2254517600615F82 /* mytableviewUITests.xctest */,
			);
			name = Products;
			sourceTree = "<group>";
		};
		6734874A2254517500615F82 /* mytableview */ = {
			isa = PBXGroup;
			children = (
				6734874B2254517500615F82 /* AppDelegate.swift */,
				6734877E225453A900615F82 /* VideoViewController.swift */,
				6734874F2254517500615F82 /* Main.storyboard */,
				673487552254517600615F82 /* Assets.xcassets */,
				673487572254517600615F82 /* LaunchScreen.storyboard */,
				6734875A2254517600615F82 /* Info.plist */,
				673487522254517500615F82 /* mytableview.xcdatamodeld */,
			);
			path = mytableview;
			sourceTree = "<group>";
		};
		673487622254517600615F82 /* mytableviewTests */ = {
			isa = PBXGroup;
			children = (
				673487632254517600615F82 /* mytableviewTests.swift */,
				673487652254517600615F82 /* Info.plist */,
			);
			path = mytableviewTests;
			sourceTree = "<group>";
		};
		6734876D2254517600615F82 /* mytableviewUITests */ = {
			isa = PBXGroup;
			children = (
				6734876E2254517600615F82 /* mytableviewUITests.swift */,
				673487702254517600615F82 /* Info.plist */,
			);
			path = mytableviewUITests;
			sourceTree = "<group>";
		};
/* End PBXGroup section */

/* Begin PBXNativeTarget section */
		673487472254517500615F82 /* mytableview */ = {
			isa = PBXNativeTarget;
			buildConfigurationList = 673487732254517600615F82 /* Build configuration list for PBXNativeTarget "mytableview" */;
			buildPhases = (
				673487442254517500615F82 /* Sources */,
				673487452254517500615F82 /* Frameworks */,
				673487462254517500615F82 /* Resources */,
			);
			buildRules = (
			);
			dependencies = (
			);
			name = mytableview;
			productName = mytableview;
			productReference = 673487482254517500615F82 /* mytableview.app */;
			productType = "com.apple.product-type.application";
		};
		6734875E2254517600615F82 /* mytableviewTests */ = {
			isa = PBXNativeTarget;
			buildConfigurationList = 673487762254517600615F82 /* Build configuration list for PBXNativeTarget "mytableviewTests" */;
			buildPhases = (
				6734875B2254517600615F82 /* Sources */,
				6734875C2254517600615F82 /* Frameworks */,
				6734875D2254517600615F82 /* Resources */,
			);
			buildRules = (
			);
			dependencies = (
				673487612254517600615F82 /* PBXTargetDependency */,
			);
			name = mytableviewTests;
			productName = mytableviewTests;
			productReference = 6734875F2254517600615F82 /* mytableviewTests.xctest */;
			productType = "com.apple.product-type.bundle.unit-test";
		};
		673487692254517600615F82 /* mytableviewUITests */ = {
			isa = PBXNativeTarget;
			buildConfigurationList = 673487792254517600615F82 /* Build configuration list for PBXNativeTarget "mytableviewUITests" */;
			buildPhases = (
				673487662254517600615F82 /* Sources */,
				673487672254517600615F82 /* Frameworks */,
				673487682254517600615F82 /* Resources */,
			);
			buildRules = (
			);
			dependencies = (
				6734876C2254517600615F82 /* PBXTargetDependency */,
			);
			name = mytableviewUITests;
			productName = mytableviewUITests;
			productReference = 6734876A2254517600615F82 /* mytableviewUITests.xctest */;
			productType = "com.apple.product-type.bundle.ui-testing";
		};
/* End PBXNativeTarget section */

/* Begin PBXProject section */
		673487402254517500615F82 /* Project object */ = {
			isa = PBXProject;
			attributes = {
				LastSwiftUpdateCheck = 1010;
				LastUpgradeCheck = 1010;
				ORGANIZATIONNAME = "Mitchell Petellin";
				TargetAttributes = {
					673487472254517500615F82 = {
						CreatedOnToolsVersion = 10.1;
					};
					6734875E2254517600615F82 = {
						CreatedOnToolsVersion = 10.1;
						TestTargetID = 673487472254517500615F82;
					};
					673487692254517600615F82 = {
						CreatedOnToolsVersion = 10.1;
						TestTargetID = 673487472254517500615F82;
					};
				};
			};
			buildConfigurationList = 673487432254517500615F82 /* Build configuration list for PBXProject "mytableview" */;
			compatibilityVersion = "Xcode 9.3";
			developmentRegion = en;
			hasScannedForEncodings = 0;
			knownRegions = (
				en,
				Base,
			);
			mainGroup = 6734873F2254517500615F82;
			productRefGroup = 673487492254517500615F82 /* Products */;
			projectDirPath = "";
			projectRoot = "";
			targets = (
				673487472254517500615F82 /* mytableview */,
				6734875E2254517600615F82 /* mytableviewTests */,
				673487692254517600615F82 /* mytableviewUITests */,
			);
		};
/* End PBXProject section */

/* Begin PBXResourcesBuildPhase section */
		673487462254517500615F82 /* Resources */ = {
			isa = PBXResourcesBuildPhase;
			buildActionMask = 2147483647;
			files = (
				673487592254517600615F82 /* LaunchScreen.storyboard in Resources */,
				673487562254517600615F82 /* Assets.xcassets in Resources */,
				673487512254517500615F82 /* Main.storyboard in Resources */,
			);
			runOnlyForDeploymentPostprocessing = 0;
		};
		6734875D2254517600615F82 /* Resources */ = {
			isa = PBXResourcesBuildPhase;
			buildActionMask = 2147483647;
			files = (
			);
			runOnlyForDeploymentPostprocessing = 0;
		};
		673487682254517600615F82 /* Resources */ = {
			isa = PBXResourcesBuildPhase;
			buildActionMask = 2147483647;
			files = (
			);
			runOnlyForDeploymentPostprocessing = 0;
		};
/* End PBXResourcesBuildPhase section */

/* Begin PBXSourcesBuildPhase section */
		673487442254517500615F82 /* Sources */ = {
			isa = PBXSourcesBuildPhase;
			buildActionMask = 2147483647;
			files = (
				673487542254517500615F82 /* mytableview.xcdatamodeld in Sources */,
				6734874C2254517500615F82 /* AppDelegate.swift in Sources */,
				6734877F225453A900615F82 /* VideoViewController.swift in Sources */,
			);
			runOnlyForDeploymentPostprocessing = 0;
		};
		6734875B2254517600615F82 /* Sources */ = {
			isa = PBXSourcesBuildPhase;
			buildActionMask = 2147483647;
			files = (
				673487642254517600615F82 /* mytableviewTests.swift in Sources */,
			);
			runOnlyForDeploymentPostprocessing = 0;
		};
		673487662254517600615F82 /* Sources */ = {
			isa = PBXSourcesBuildPhase;
			buildActionMask = 2147483647;
			files = (
				6734876F2254517600615F82 /* mytableviewUITests.swift in Sources */,
			);
			runOnlyForDeploymentPostprocessing = 0;
		};
/* End PBXSourcesBuildPhase section */

/* Begin PBXTargetDependency section */
		673487612254517600615F82 /* PBXTargetDependency */ = {
			isa = PBXTargetDependency;
			target = 673487472254517500615F82 /* mytableview */;
			targetProxy = 673487602254517600615F82 /* PBXContainerItemProxy */;
		};
		6734876C2254517600615F82 /* PBXTargetDependency */ = {
			isa = PBXTargetDependency;
			target = 673487472254517500615F82 /* mytableview */;
			targetProxy = 6734876B2254517600615F82 /* PBXContainerItemProxy */;
		};
/* End PBXTargetDependency section */

/* Begin PBXVariantGroup section */
		6734874F2254517500615F82 /* Main.storyboard */ = {
			isa = PBXVariantGroup;
			children = (
				673487502254517500615F82 /* Base */,
			);
			name = Main.storyboard;
			sourceTree = "<group>";
		};
		673487572254517600615F82 /* LaunchScreen.storyboard */ = {
			isa = PBXVariantGroup;
			children = (
				673487582254517600615F82 /* Base */,
			);
			name = LaunchScreen.storyboard;
			sourceTree = "<group>";
		};
/* End PBXVariantGroup section */

/* Begin XCBuildConfiguration section */
		673487712254517600615F82 /* Debug */ = {
			isa = XCBuildConfiguration;
			buildSettings = {
				ALWAYS_SEARCH_USER_PATHS = NO;
				CLANG_ANALYZER_NONNULL = YES;
				CLANG_ANALYZER_NUMBER_OBJECT_CONVERSION = YES_AGGRESSIVE;
				CLANG_CXX_LANGUAGE_STANDARD = "gnu++14";
				CLANG_CXX_LIBRARY = "libc++";
				CLANG_ENABLE_MODULES = YES;
				CLANG_ENABLE_OBJC_ARC = YES;
				CLANG_ENABLE_OBJC_WEAK = YES;
				CLANG_WARN_BLOCK_CAPTURE_AUTORELEASING = YES;
				CLANG_WARN_BOOL_CONVERSION = YES;
				CLANG_WARN_COMMA = YES;
				CLANG_WARN_CONSTANT_CONVERSION = YES;
				CLANG_WARN_DEPRECATED_OBJC_IMPLEMENTATIONS = YES;
				CLANG_WARN_DIRECT_OBJC_ISA_USAGE = YES_ERROR;
				CLANG_WARN_DOCUMENTATION_COMMENTS = YES;
				CLANG_WARN_EMPTY_BODY = YES;
				CLANG_WARN_ENUM_CONVERSION = YES;
				CLANG_WARN_INFINITE_RECURSION = YES;
				CLANG_WARN_INT_CONVERSION = YES;
				CLANG_WARN_NON_LITERAL_NULL_CONVERSION = YES;
				CLANG_WARN_OBJC_IMPLICIT_RETAIN_SELF = YES;
				CLANG_WARN_OBJC_LITERAL_CONVERSION = YES;
				CLANG_WARN_OBJC_ROOT_CLASS = YES_ERROR;
				CLANG_WARN_RANGE_LOOP_ANALYSIS = YES;
				CLANG_WARN_STRICT_PROTOTYPES = YES;
				CLANG_WARN_SUSPICIOUS_MOVE = YES;
				CLANG_WARN_UNGUARDED_AVAILABILITY = YES_AGGRESSIVE;
				CLANG_WARN_UNREACHABLE_CODE = YES;
				CLANG_WARN__DUPLICATE_METHOD_MATCH = YES;
				CODE_SIGN_IDENTITY = "iPhone Developer";
				COPY_PHASE_STRIP = NO;
				DEBUG_INFORMATION_FORMAT = dwarf;
				ENABLE_STRICT_OBJC_MSGSEND = YES;
				ENABLE_TESTABILITY = YES;
				GCC_C_LANGUAGE_STANDARD = gnu11;
				GCC_DYNAMIC_NO_PIC = NO;
				GCC_NO_COMMON_BLOCKS = YES;
				GCC_OPTIMIZATION_LEVEL = 0;
				GCC_PREPROCESSOR_DEFINITIONS = (
					"DEBUG=1",
					"$(inherited)",
				);
				GCC_WARN_64_TO_32_BIT_CONVERSION = YES;
				GCC_WARN_ABOUT_RETURN_TYPE = YES_ERROR;
				GCC_WARN_UNDECLARED_SELECTOR = YES;
				GCC_WARN_UNINITIALIZED_AUTOS = YES_AGGRESSIVE;
				GCC_WARN_UNUSED_FUNCTION = YES;
				GCC_WARN_UNUSED_VARIABLE = YES;
				IPHONEOS_DEPLOYMENT_TARGET = 12.1;
				MTL_ENABLE_DEBUG_INFO = INCLUDE_SOURCE;
				MTL_FAST_MATH = YES;
				ONLY_ACTIVE_ARCH = YES;
				SDKROOT = iphoneos;
				SWIFT_ACTIVE_COMPILATION_CONDITIONS = DEBUG;
				SWIFT_OPTIMIZATION_LEVEL = "-Onone";
			};
			name = Debug;
		};
		673487722254517600615F82 /* Release */ = {
			isa = XCBuildConfiguration;
			buildSettings = {
				ALWAYS_SEARCH_USER_PATHS = NO;
				CLANG_ANALYZER_NONNULL = YES;
				CLANG_ANALYZER_NUMBER_OBJECT_CONVERSION = YES_AGGRESSIVE;
				CLANG_CXX_LANGUAGE_STANDARD = "gnu++14";
				CLANG_CXX_LIBRARY = "libc++";
				CLANG_ENABLE_MODULES = YES;
				CLANG_ENABLE_OBJC_ARC = YES;
				CLANG_ENABLE_OBJC_WEAK = YES;
				CLANG_WARN_BLOCK_CAPTURE_AUTORELEASING = YES;
				CLANG_WARN_BOOL_CONVERSION = YES;
				CLANG_WARN_COMMA = YES;
				CLANG_WARN_CONSTANT_CONVERSION = YES;
				CLANG_WARN_DEPRECATED_OBJC_IMPLEMENTATIONS = YES;
				CLANG_WARN_DIRECT_OBJC_ISA_USAGE = YES_ERROR;
				CLANG_WARN_DOCUMENTATION_COMMENTS = YES;
				CLANG_WARN_EMPTY_BODY = YES;
				CLANG_WARN_ENUM_CONVERSION = YES;
				CLANG_WARN_INFINITE_RECURSION = YES;
				CLANG_WARN_INT_CONVERSION = YES;
				CLANG_WARN_NON_LITERAL_NULL_CONVERSION = YES;
				CLANG_WARN_OBJC_IMPLICIT_RETAIN_SELF = YES;
				CLANG_WARN_OBJC_LITERAL_CONVERSION = YES;
				CLANG_WARN_OBJC_ROOT_CLASS = YES_ERROR;
				CLANG_WARN_RANGE_LOOP_ANALYSIS = YES;
				CLANG_WARN_STRICT_PROTOTYPES = YES;
				CLANG_WARN_SUSPICIOUS_MOVE = YES;
				CLANG_WARN_UNGUARDED_AVAILABILITY = YES_AGGRESSIVE;
				CLANG_WARN_UNREACHABLE_CODE = YES;
				CLANG_WARN__DUPLICATE_METHOD_MATCH = YES;
				CODE_SIGN_IDENTITY = "iPhone Developer";
				COPY_PHASE_STRIP = NO;
				DEBUG_INFORMATION_FORMAT = "dwarf-with-dsym";
				ENABLE_NS_ASSERTIONS = NO;
				ENABLE_STRICT_OBJC_MSGSEND = YES;
				GCC_C_LANGUAGE_STANDARD = gnu11;
				GCC_NO_COMMON_BLOCKS = YES;
				GCC_WARN_64_TO_32_BIT_CONVERSION = YES;
				GCC_WARN_ABOUT_RETURN_TYPE = YES_ERROR;
				GCC_WARN_UNDECLARED_SELECTOR = YES;
				GCC_WARN_UNINITIALIZED_AUTOS = YES_AGGRESSIVE;
				GCC_WARN_UNUSED_FUNCTION = YES;
				GCC_WARN_UNUSED_VARIABLE = YES;
				IPHONEOS_DEPLOYMENT_TARGET = 12.1;
				MTL_ENABLE_DEBUG_INFO = NO;
				MTL_FAST_MATH = YES;
				SDKROOT = iphoneos;
				SWIFT_COMPILATION_MODE = wholemodule;
				SWIFT_OPTIMIZATION_LEVEL = "-O";
				VALIDATE_PRODUCT = YES;
			};
			name = Release;
		};
		673487742254517600615F82 /* Debug */ = {
			isa = XCBuildConfiguration;
			buildSettings = {
				ASSETCATALOG_COMPILER_APPICON_NAME = AppIcon;
				CODE_SIGN_STYLE = Automatic;
				INFOPLIST_FILE = mytableview/Info.plist;
				LD_RUNPATH_SEARCH_PATHS = (
					"$(inherited)",
					"@executable_path/Frameworks",
				);
				PRODUCT_BUNDLE_IDENTIFIER = "Mitchell-Petellin.mytableview";
				PRODUCT_NAME = "$(TARGET_NAME)";
				SWIFT_VERSION = 4.2;
				TARGETED_DEVICE_FAMILY = "1,2";
			};
			name = Debug;
		};
		673487752254517600615F82 /* Release */ = {
			isa = XCBuildConfiguration;
			buildSettings = {
				ASSETCATALOG_COMPILER_APPICON_NAME = AppIcon;
				CODE_SIGN_STYLE = Automatic;
				INFOPLIST_FILE = mytableview/Info.plist;
				LD_RUNPATH_SEARCH_PATHS = (
					"$(inherited)",
					"@executable_path/Frameworks",
				);
				PRODUCT_BUNDLE_IDENTIFIER = "Mitchell-Petellin.mytableview";
				PRODUCT_NAME = "$(TARGET_NAME)";
				SWIFT_VERSION = 4.2;
				TARGETED_DEVICE_FAMILY = "1,2";
			};
			name = Release;
		};
		673487772254517600615F82 /* Debug */ = {
			isa = XCBuildConfiguration;
			buildSettings = {
				ALWAYS_EMBED_SWIFT_STANDARD_LIBRARIES = YES;
				BUNDLE_LOADER = "$(TEST_HOST)";
				CODE_SIGN_STYLE = Automatic;
				INFOPLIST_FILE = mytableviewTests/Info.plist;
				LD_RUNPATH_SEARCH_PATHS = (
					"$(inherited)",
					"@executable_path/Frameworks",
					"@loader_path/Frameworks",
				);
				PRODUCT_BUNDLE_IDENTIFIER = "Mitchell-Petellin.mytableviewTests";
				PRODUCT_NAME = "$(TARGET_NAME)";
				SWIFT_VERSION = 4.2;
				TARGETED_DEVICE_FAMILY = "1,2";
				TEST_HOST = "$(BUILT_PRODUCTS_DIR)/mytableview.app/mytableview";
			};
			name = Debug;
		};
		673487782254517600615F82 /* Release */ = {
			isa = XCBuildConfiguration;
			buildSettings = {
				ALWAYS_EMBED_SWIFT_STANDARD_LIBRARIES = YES;
				BUNDLE_LOADER = "$(TEST_HOST)";
				CODE_SIGN_STYLE = Automatic;
				INFOPLIST_FILE = mytableviewTests/Info.plist;
				LD_RUNPATH_SEARCH_PATHS = (
					"$(inherited)",
					"@executable_path/Frameworks",
					"@loader_path/Frameworks",
				);
				PRODUCT_BUNDLE_IDENTIFIER = "Mitchell-Petellin.mytableviewTests";
				PRODUCT_NAME = "$(TARGET_NAME)";
				SWIFT_VERSION = 4.2;
				TARGETED_DEVICE_FAMILY = "1,2";
				TEST_HOST = "$(BUILT_PRODUCTS_DIR)/mytableview.app/mytableview";
			};
			name = Release;
		};
		6734877A2254517600615F82 /* Debug */ = {
			isa = XCBuildConfiguration;
			buildSettings = {
				ALWAYS_EMBED_SWIFT_STANDARD_LIBRARIES = YES;
				CODE_SIGN_STYLE = Automatic;
				INFOPLIST_FILE = mytableviewUITests/Info.plist;
				LD_RUNPATH_SEARCH_PATHS = (
					"$(inherited)",
					"@executable_path/Frameworks",
					"@loader_path/Frameworks",
				);
				PRODUCT_BUNDLE_IDENTIFIER = "Mitchell-Petellin.mytableviewUITests";
				PRODUCT_NAME = "$(TARGET_NAME)";
				SWIFT_VERSION = 4.2;
				TARGETED_DEVICE_FAMILY = "1,2";
				TEST_TARGET_NAME = mytableview;
			};
			name = Debug;
		};
		6734877B2254517600615F82 /* Release */ = {
			isa = XCBuildConfiguration;
			buildSettings = {
				ALWAYS_EMBED_SWIFT_STANDARD_LIBRARIES = YES;
				CODE_SIGN_STYLE = Automatic;
				INFOPLIST_FILE = mytableviewUITests/Info.plist;
				LD_RUNPATH_SEARCH_PATHS = (
					"$(inherited)",
					"@executable_path/Frameworks",
					"@loader_path/Frameworks",
				);
				PRODUCT_BUNDLE_IDENTIFIER = "Mitchell-Petellin.mytableviewUITests";
				PRODUCT_NAME = "$(TARGET_NAME)";
				SWIFT_VERSION = 4.2;
				TARGETED_DEVICE_FAMILY = "1,2";
				TEST_TARGET_NAME = mytableview;
			};
			name = Release;
		};
/* End XCBuildConfiguration section */

/* Begin XCConfigurationList section */
		673487432254517500615F82 /* Build configuration list for PBXProject "mytableview" */ = {
			isa = XCConfigurationList;
			buildConfigurations = (
				673487712254517600615F82 /* Debug */,
				673487722254517600615F82 /* Release */,
			);
			defaultConfigurationIsVisible = 0;
			defaultConfigurationName = Release;
		};
		673487732254517600615F82 /* Build configuration list for PBXNativeTarget "mytableview" */ = {
			isa = XCConfigurationList;
			buildConfigurations = (
				673487742254517600615F82 /* Debug */,
				673487752254517600615F82 /* Release */,
			);
			defaultConfigurationIsVisible = 0;
			defaultConfigurationName = Release;
		};
		673487762254517600615F82 /* Build configuration list for PBXNativeTarget "mytableviewTests" */ = {
			isa = XCConfigurationList;
			buildConfigurations = (
				673487772254517600615F82 /* Debug */,
				673487782254517600615F82 /* Release */,
			);
			defaultConfigurationIsVisible = 0;
			defaultConfigurationName = Release;
		};
		673487792254517600615F82 /* Build configuration list for PBXNativeTarget "mytableviewUITests" */ = {
			isa = XCConfigurationList;
			buildConfigurations = (
				6734877A2254517600615F82 /* Debug */,
				6734877B2254517600615F82 /* Release */,
			);
			defaultConfigurationIsVisible = 0;
			defaultConfigurationName = Release;
		};
/* End XCConfigurationList section */

/* Begin XCVersionGroup section */
		673487522254517500615F82 /* mytableview.xcdatamodeld */ = {
			isa = XCVersionGroup;
			children = (
				673487532254517500615F82 /* mytableview.xcdatamodel */,
			);
			currentVersion = 673487532254517500615F82 /* mytableview.xcdatamodel */;
			path = mytableview.xcdatamodeld;
			sourceTree = "<group>";
			versionGroupType = wrapper.xcdatamodel;
		};
/* End XCVersionGroup section */
	};
	rootObject = 673487402254517500615F82 /* Project object */;
}
