// !$*UTF8*$!
{
	archiveVersion = 1;
	classes = {
	};
	objectVersion = 50;
	objects = {

/* Begin PBXBuildFile section */
		6736A6D4226A241B000BCF62 /* AppDelegate.swift in Sources */ = {isa = PBXBuildFile; fileRef = 6736A6D3226A241B000BCF62 /* AppDelegate.swift */; };
		6736A6D6226A241B000BCF62 /* ViewController.swift in Sources */ = {isa = PBXBuildFile; fileRef = 6736A6D5226A241B000BCF62 /* ViewController.swift */; };
		6736A6D9226A241B000BCF62 /* Main.storyboard in Resources */ = {isa = PBXBuildFile; fileRef = 6736A6D7226A241B000BCF62 /* Main.storyboard */; };
		6736A6DC226A241B000BCF62 /* table.xcdatamodeld in Sources */ = {isa = PBXBuildFile; fileRef = 6736A6DA226A241B000BCF62 /* table.xcdatamodeld */; };
		6736A6DE226A241E000BCF62 /* Assets.xcassets in Resources */ = {isa = PBXBuildFile; fileRef = 6736A6DD226A241E000BCF62 /* Assets.xcassets */; };
		6736A6E1226A241E000BCF62 /* LaunchScreen.storyboard in Resources */ = {isa = PBXBuildFile; fileRef = 6736A6DF226A241E000BCF62 /* LaunchScreen.storyboard */; };
		6736A6EC226A241E000BCF62 /* tableTests.swift in Sources */ = {isa = PBXBuildFile; fileRef = 6736A6EB226A241E000BCF62 /* tableTests.swift */; };
		6736A6F7226A241E000BCF62 /* tableUITests.swift in Sources */ = {isa = PBXBuildFile; fileRef = 6736A6F6226A241E000BCF62 /* tableUITests.swift */; };
		6736A709226A3A33000BCF62 /* Data.swift in Sources */ = {isa = PBXBuildFile; fileRef = 6736A708226A3A33000BCF62 /* Data.swift */; };
		6736A70B226A3DE3000BCF62 /* constants.swift in Sources */ = {isa = PBXBuildFile; fileRef = 6736A70A226A3DE3000BCF62 /* constants.swift */; };
		7F3D6F9CFA671B73AE29345C /* Pods_table.framework in Frameworks */ = {isa = PBXBuildFile; fileRef = 4122DDE102A5FD70778789AE /* Pods_table.framework */; };
/* End PBXBuildFile section */

/* Begin PBXContainerItemProxy section */
		6736A6E8226A241E000BCF62 /* PBXContainerItemProxy */ = {
			isa = PBXContainerItemProxy;
			containerPortal = 6736A6C8226A241B000BCF62 /* Project object */;
			proxyType = 1;
			remoteGlobalIDString = 6736A6CF226A241B000BCF62;
			remoteInfo = table;
		};
		6736A6F3226A241E000BCF62 /* PBXContainerItemProxy */ = {
			isa = PBXContainerItemProxy;
			containerPortal = 6736A6C8226A241B000BCF62 /* Project object */;
			proxyType = 1;
			remoteGlobalIDString = 6736A6CF226A241B000BCF62;
			remoteInfo = table;
		};
/* End PBXContainerItemProxy section */

/* Begin PBXFileReference section */
		3DA16BABD77085BD4E6E9592 /* Pods-table.debug.xcconfig */ = {isa = PBXFileReference; includeInIndex = 1; lastKnownFileType = text.xcconfig; name = "Pods-table.debug.xcconfig"; path = "Target Support Files/Pods-table/Pods-table.debug.xcconfig"; sourceTree = "<group>"; };
		4122DDE102A5FD70778789AE /* Pods_table.framework */ = {isa = PBXFileReference; explicitFileType = wrapper.framework; includeInIndex = 0; path = Pods_table.framework; sourceTree = BUILT_PRODUCTS_DIR; };
		6736A6D0226A241B000BCF62 /* table.app */ = {isa = PBXFileReference; explicitFileType = wrapper.application; includeInIndex = 0; path = table.app; sourceTree = BUILT_PRODUCTS_DIR; };
		6736A6D3226A241B000BCF62 /* AppDelegate.swift */ = {isa = PBXFileReference; lastKnownFileType = sourcecode.swift; path = AppDelegate.swift; sourceTree = "<group>"; };
		6736A6D5226A241B000BCF62 /* ViewController.swift */ = {isa = PBXFileReference; lastKnownFileType = sourcecode.swift; path = ViewController.swift; sourceTree = "<group>"; };
		6736A6D8226A241B000BCF62 /* Base */ = {isa = PBXFileReference; lastKnownFileType = file.storyboard; name = Base; path = Base.lproj/Main.storyboard; sourceTree = "<group>"; };
		6736A6DB226A241B000BCF62 /* table.xcdatamodel */ = {isa = PBXFileReference; lastKnownFileType = wrapper.xcdatamodel; path = table.xcdatamodel; sourceTree = "<group>"; };
		6736A6DD226A241E000BCF62 /* Assets.xcassets */ = {isa = PBXFileReference; lastKnownFileType = folder.assetcatalog; path = Assets.xcassets; sourceTree = "<group>"; };
		6736A6E0226A241E000BCF62 /* Base */ = {isa = PBXFileReference; lastKnownFileType = file.storyboard; name = Base; path = Base.lproj/LaunchScreen.storyboard; sourceTree = "<group>"; };
		6736A6E2226A241E000BCF62 /* Info.plist */ = {isa = PBXFileReference; lastKnownFileType = text.plist.xml; path = Info.plist; sourceTree = "<group>"; };
		6736A6E7226A241E000BCF62 /* tableTests.xctest */ = {isa = PBXFileReference; explicitFileType = wrapper.cfbundle; includeInIndex = 0; path = tableTests.xctest; sourceTree = BUILT_PRODUCTS_DIR; };
		6736A6EB226A241E000BCF62 /* tableTests.swift */ = {isa = PBXFileReference; lastKnownFileType = sourcecode.swift; path = tableTests.swift; sourceTree = "<group>"; };
		6736A6ED226A241E000BCF62 /* Info.plist */ = {isa = PBXFileReference; lastKnownFileType = text.plist.xml; path = Info.plist; sourceTree = "<group>"; };
		6736A6F2226A241E000BCF62 /* tableUITests.xctest */ = {isa = PBXFileReference; explicitFileType = wrapper.cfbundle; includeInIndex = 0; path = tableUITests.xctest; sourceTree = BUILT_PRODUCTS_DIR; };
		6736A6F6226A241E000BCF62 /* tableUITests.swift */ = {isa = PBXFileReference; lastKnownFileType = sourcecode.swift; path = tableUITests.swift; sourceTree = "<group>"; };
		6736A6F8226A241E000BCF62 /* Info.plist */ = {isa = PBXFileReference; lastKnownFileType = text.plist.xml; path = Info.plist; sourceTree = "<group>"; };
		6736A708226A3A33000BCF62 /* Data.swift */ = {isa = PBXFileReference; lastKnownFileType = sourcecode.swift; path = Data.swift; sourceTree = "<group>"; };
		6736A70A226A3DE3000BCF62 /* constants.swift */ = {isa = PBXFileReference; lastKnownFileType = sourcecode.swift; path = constants.swift; sourceTree = "<group>"; };
		82BD629F10F89A7E5AEFB29B /* Pods-table.release.xcconfig */ = {isa = PBXFileReference; includeInIndex = 1; lastKnownFileType = text.xcconfig; name = "Pods-table.release.xcconfig"; path = "Target Support Files/Pods-table/Pods-table.release.xcconfig"; sourceTree = "<group>"; };
/* End PBXFileReference section */

/* Begin PBXFrameworksBuildPhase section */
		6736A6CD226A241B000BCF62 /* Frameworks */ = {
			isa = PBXFrameworksBuildPhase;
			buildActionMask = 2147483647;
			files = (
				7F3D6F9CFA671B73AE29345C /* Pods_table.framework in Frameworks */,
			);
			runOnlyForDeploymentPostprocessing = 0;
		};
		6736A6E4226A241E000BCF62 /* Frameworks */ = {
			isa = PBXFrameworksBuildPhase;
			buildActionMask = 2147483647;
			files = (
			);
			runOnlyForDeploymentPostprocessing = 0;
		};
		6736A6EF226A241E000BCF62 /* Frameworks */ = {
			isa = PBXFrameworksBuildPhase;
			buildActionMask = 2147483647;
			files = (
			);
			runOnlyForDeploymentPostprocessing = 0;
		};
/* End PBXFrameworksBuildPhase section */

/* Begin PBXGroup section */
		6736A6C7226A241B000BCF62 = {
			isa = PBXGroup;
			children = (
				6736A6D2226A241B000BCF62 /* table */,
				6736A6EA226A241E000BCF62 /* tableTests */,
				6736A6F5226A241E000BCF62 /* tableUITests */,
				6736A6D1226A241B000BCF62 /* Products */,
				A60F83E7B228C9D0C7AC6B04 /* Pods */,
				D9F6CF355F0C967F32D31334 /* Frameworks */,
			);
			sourceTree = "<group>";
		};
		6736A6D1226A241B000BCF62 /* Products */ = {
			isa = PBXGroup;
			children = (
				6736A6D0226A241B000BCF62 /* table.app */,
				6736A6E7226A241E000BCF62 /* tableTests.xctest */,
				6736A6F2226A241E000BCF62 /* tableUITests.xctest */,
			);
			name = Products;
			sourceTree = "<group>";
		};
		6736A6D2226A241B000BCF62 /* table */ = {
			isa = PBXGroup;
			children = (
				6736A6D3226A241B000BCF62 /* AppDelegate.swift */,
				6736A6D5226A241B000BCF62 /* ViewController.swift */,
				6736A708226A3A33000BCF62 /* Data.swift */,
				6736A6D7226A241B000BCF62 /* Main.storyboard */,
				6736A6DD226A241E000BCF62 /* Assets.xcassets */,
				6736A6DF226A241E000BCF62 /* LaunchScreen.storyboard */,
				6736A6E2226A241E000BCF62 /* Info.plist */,
				6736A6DA226A241B000BCF62 /* table.xcdatamodeld */,
				6736A70A226A3DE3000BCF62 /* constants.swift */,
			);
			path = table;
			sourceTree = "<group>";
		};
		6736A6EA226A241E000BCF62 /* tableTests */ = {
			isa = PBXGroup;
			children = (
				6736A6EB226A241E000BCF62 /* tableTests.swift */,
				6736A6ED226A241E000BCF62 /* Info.plist */,
			);
			path = tableTests;
			sourceTree = "<group>";
		};
		6736A6F5226A241E000BCF62 /* tableUITests */ = {
			isa = PBXGroup;
			children = (
				6736A6F6226A241E000BCF62 /* tableUITests.swift */,
				6736A6F8226A241E000BCF62 /* Info.plist */,
			);
			path = tableUITests;
			sourceTree = "<group>";
		};
		A60F83E7B228C9D0C7AC6B04 /* Pods */ = {
			isa = PBXGroup;
			children = (
				3DA16BABD77085BD4E6E9592 /* Pods-table.debug.xcconfig */,
				82BD629F10F89A7E5AEFB29B /* Pods-table.release.xcconfig */,
			);
			path = Pods;
			sourceTree = "<group>";
		};
		D9F6CF355F0C967F32D31334 /* Frameworks */ = {
			isa = PBXGroup;
			children = (
				4122DDE102A5FD70778789AE /* Pods_table.framework */,
			);
			name = Frameworks;
			sourceTree = "<group>";
		};
/* End PBXGroup section */

/* Begin PBXNativeTarget section */
		6736A6CF226A241B000BCF62 /* table */ = {
			isa = PBXNativeTarget;
			buildConfigurationList = 6736A6FB226A241E000BCF62 /* Build configuration list for PBXNativeTarget "table" */;
			buildPhases = (
				DDE50F4A76DA8E1D3E0ED6AF /* [CP] Check Pods Manifest.lock */,
				6736A6CC226A241B000BCF62 /* Sources */,
				6736A6CD226A241B000BCF62 /* Frameworks */,
				6736A6CE226A241B000BCF62 /* Resources */,
				3DAB37ADE1C074718B9A7D20 /* [CP] Embed Pods Frameworks */,
			);
			buildRules = (
			);
			dependencies = (
			);
			name = table;
			productName = table;
			productReference = 6736A6D0226A241B000BCF62 /* table.app */;
			productType = "com.apple.product-type.application";
		};
		6736A6E6226A241E000BCF62 /* tableTests */ = {
			isa = PBXNativeTarget;
			buildConfigurationList = 6736A6FE226A241E000BCF62 /* Build configuration list for PBXNativeTarget "tableTests" */;
			buildPhases = (
				6736A6E3226A241E000BCF62 /* Sources */,
				6736A6E4226A241E000BCF62 /* Frameworks */,
				6736A6E5226A241E000BCF62 /* Resources */,
			);
			buildRules = (
			);
			dependencies = (
				6736A6E9226A241E000BCF62 /* PBXTargetDependency */,
			);
			name = tableTests;
			productName = tableTests;
			productReference = 6736A6E7226A241E000BCF62 /* tableTests.xctest */;
			productType = "com.apple.product-type.bundle.unit-test";
		};
		6736A6F1226A241E000BCF62 /* tableUITests */ = {
			isa = PBXNativeTarget;
			buildConfigurationList = 6736A701226A241E000BCF62 /* Build configuration list for PBXNativeTarget "tableUITests" */;
			buildPhases = (
				6736A6EE226A241E000BCF62 /* Sources */,
				6736A6EF226A241E000BCF62 /* Frameworks */,
				6736A6F0226A241E000BCF62 /* Resources */,
			);
			buildRules = (
			);
			dependencies = (
				6736A6F4226A241E000BCF62 /* PBXTargetDependency */,
			);
			name = tableUITests;
			productName = tableUITests;
			productReference = 6736A6F2226A241E000BCF62 /* tableUITests.xctest */;
			productType = "com.apple.product-type.bundle.ui-testing";
		};
/* End PBXNativeTarget section */

/* Begin PBXProject section */
		6736A6C8226A241B000BCF62 /* Project object */ = {
			isa = PBXProject;
			attributes = {
				LastSwiftUpdateCheck = 1010;
				LastUpgradeCheck = 1010;
				ORGANIZATIONNAME = "Mitchell Petellin";
				TargetAttributes = {
					6736A6CF226A241B000BCF62 = {
						CreatedOnToolsVersion = 10.1;
					};
					6736A6E6226A241E000BCF62 = {
						CreatedOnToolsVersion = 10.1;
						TestTargetID = 6736A6CF226A241B000BCF62;
					};
					6736A6F1226A241E000BCF62 = {
						CreatedOnToolsVersion = 10.1;
						TestTargetID = 6736A6CF226A241B000BCF62;
					};
				};
			};
			buildConfigurationList = 6736A6CB226A241B000BCF62 /* Build configuration list for PBXProject "table" */;
			compatibilityVersion = "Xcode 9.3";
			developmentRegion = en;
			hasScannedForEncodings = 0;
			knownRegions = (
				en,
				Base,
			);
			mainGroup = 6736A6C7226A241B000BCF62;
			productRefGroup = 6736A6D1226A241B000BCF62 /* Products */;
			projectDirPath = "";
			projectRoot = "";
			targets = (
				6736A6CF226A241B000BCF62 /* table */,
				6736A6E6226A241E000BCF62 /* tableTests */,
				6736A6F1226A241E000BCF62 /* tableUITests */,
			);
		};
/* End PBXProject section */

/* Begin PBXResourcesBuildPhase section */
		6736A6CE226A241B000BCF62 /* Resources */ = {
			isa = PBXResourcesBuildPhase;
			buildActionMask = 2147483647;
			files = (
				6736A6E1226A241E000BCF62 /* LaunchScreen.storyboard in Resources */,
				6736A6DE226A241E000BCF62 /* Assets.xcassets in Resources */,
				6736A6D9226A241B000BCF62 /* Main.storyboard in Resources */,
			);
			runOnlyForDeploymentPostprocessing = 0;
		};
		6736A6E5226A241E000BCF62 /* Resources */ = {
			isa = PBXResourcesBuildPhase;
			buildActionMask = 2147483647;
			files = (
			);
			runOnlyForDeploymentPostprocessing = 0;
		};
		6736A6F0226A241E000BCF62 /* Resources */ = {
			isa = PBXResourcesBuildPhase;
			buildActionMask = 2147483647;
			files = (
			);
			runOnlyForDeploymentPostprocessing = 0;
		};
/* End PBXResourcesBuildPhase section */

/* Begin PBXShellScriptBuildPhase section */
		3DAB37ADE1C074718B9A7D20 /* [CP] Embed Pods Frameworks */ = {
			isa = PBXShellScriptBuildPhase;
			buildActionMask = 2147483647;
			files = (
			);
			inputFileListPaths = (
			);
			inputPaths = (
				"${PODS_ROOT}/Target Support Files/Pods-table/Pods-table-frameworks.sh",
				"${BUILT_PRODUCTS_DIR}/Alamofire/Alamofire.framework",
				"${BUILT_PRODUCTS_DIR}/BCryptSwift/BCryptSwift.framework",
				"${BUILT_PRODUCTS_DIR}/Bolts/Bolts.framework",
				"${BUILT_PRODUCTS_DIR}/FBSDKCoreKit/FBSDKCoreKit.framework",
				"${BUILT_PRODUCTS_DIR}/FBSDKLoginKit/FBSDKLoginKit.framework",
				"${BUILT_PRODUCTS_DIR}/Parse/Parse.framework",
				"${BUILT_PRODUCTS_DIR}/SVProgressHUD/SVProgressHUD.framework",
			);
			name = "[CP] Embed Pods Frameworks";
			outputFileListPaths = (
			);
			outputPaths = (
				"${TARGET_BUILD_DIR}/${FRAMEWORKS_FOLDER_PATH}/Alamofire.framework",
				"${TARGET_BUILD_DIR}/${FRAMEWORKS_FOLDER_PATH}/BCryptSwift.framework",
				"${TARGET_BUILD_DIR}/${FRAMEWORKS_FOLDER_PATH}/Bolts.framework",
				"${TARGET_BUILD_DIR}/${FRAMEWORKS_FOLDER_PATH}/FBSDKCoreKit.framework",
				"${TARGET_BUILD_DIR}/${FRAMEWORKS_FOLDER_PATH}/FBSDKLoginKit.framework",
				"${TARGET_BUILD_DIR}/${FRAMEWORKS_FOLDER_PATH}/Parse.framework",
				"${TARGET_BUILD_DIR}/${FRAMEWORKS_FOLDER_PATH}/SVProgressHUD.framework",
			);
			runOnlyForDeploymentPostprocessing = 0;
			shellPath = /bin/sh;
			shellScript = "\"${PODS_ROOT}/Target Support Files/Pods-table/Pods-table-frameworks.sh\"\n";
			showEnvVarsInLog = 0;
		};
		DDE50F4A76DA8E1D3E0ED6AF /* [CP] Check Pods Manifest.lock */ = {
			isa = PBXShellScriptBuildPhase;
			buildActionMask = 2147483647;
			files = (
			);
			inputFileListPaths = (
			);
			inputPaths = (
				"${PODS_PODFILE_DIR_PATH}/Podfile.lock",
				"${PODS_ROOT}/Manifest.lock",
			);
			name = "[CP] Check Pods Manifest.lock";
			outputFileListPaths = (
			);
			outputPaths = (
				"$(DERIVED_FILE_DIR)/Pods-table-checkManifestLockResult.txt",
			);
			runOnlyForDeploymentPostprocessing = 0;
			shellPath = /bin/sh;
			shellScript = "diff \"${PODS_PODFILE_DIR_PATH}/Podfile.lock\" \"${PODS_ROOT}/Manifest.lock\" > /dev/null\nif [ $? != 0 ] ; then\n    # print error to STDERR\n    echo \"error: The sandbox is not in sync with the Podfile.lock. Run 'pod install' or update your CocoaPods installation.\" >&2\n    exit 1\nfi\n# This output is used by Xcode 'outputs' to avoid re-running this script phase.\necho \"SUCCESS\" > \"${SCRIPT_OUTPUT_FILE_0}\"\n";
			showEnvVarsInLog = 0;
		};
/* End PBXShellScriptBuildPhase section */

/* Begin PBXSourcesBuildPhase section */
		6736A6CC226A241B000BCF62 /* Sources */ = {
			isa = PBXSourcesBuildPhase;
			buildActionMask = 2147483647;
			files = (
				6736A6D6226A241B000BCF62 /* ViewController.swift in Sources */,
				6736A6D4226A241B000BCF62 /* AppDelegate.swift in Sources */,
				6736A6DC226A241B000BCF62 /* table.xcdatamodeld in Sources */,
				6736A70B226A3DE3000BCF62 /* constants.swift in Sources */,
				6736A709226A3A33000BCF62 /* Data.swift in Sources */,
			);
			runOnlyForDeploymentPostprocessing = 0;
		};
		6736A6E3226A241E000BCF62 /* Sources */ = {
			isa = PBXSourcesBuildPhase;
			buildActionMask = 2147483647;
			files = (
				6736A6EC226A241E000BCF62 /* tableTests.swift in Sources */,
			);
			runOnlyForDeploymentPostprocessing = 0;
		};
		6736A6EE226A241E000BCF62 /* Sources */ = {
			isa = PBXSourcesBuildPhase;
			buildActionMask = 2147483647;
			files = (
				6736A6F7226A241E000BCF62 /* tableUITests.swift in Sources */,
			);
			runOnlyForDeploymentPostprocessing = 0;
		};
/* End PBXSourcesBuildPhase section */

/* Begin PBXTargetDependency section */
		6736A6E9226A241E000BCF62 /* PBXTargetDependency */ = {
			isa = PBXTargetDependency;
			target = 6736A6CF226A241B000BCF62 /* table */;
			targetProxy = 6736A6E8226A241E000BCF62 /* PBXContainerItemProxy */;
		};
		6736A6F4226A241E000BCF62 /* PBXTargetDependency */ = {
			isa = PBXTargetDependency;
			target = 6736A6CF226A241B000BCF62 /* table */;
			targetProxy = 6736A6F3226A241E000BCF62 /* PBXContainerItemProxy */;
		};
/* End PBXTargetDependency section */

/* Begin PBXVariantGroup section */
		6736A6D7226A241B000BCF62 /* Main.storyboard */ = {
			isa = PBXVariantGroup;
			children = (
				6736A6D8226A241B000BCF62 /* Base */,
			);
			name = Main.storyboard;
			sourceTree = "<group>";
		};
		6736A6DF226A241E000BCF62 /* LaunchScreen.storyboard */ = {
			isa = PBXVariantGroup;
			children = (
				6736A6E0226A241E000BCF62 /* Base */,
			);
			name = LaunchScreen.storyboard;
			sourceTree = "<group>";
		};
/* End PBXVariantGroup section */

/* Begin XCBuildConfiguration section */
		6736A6F9226A241E000BCF62 /* Debug */ = {
			isa = XCBuildConfiguration;
			buildSettings = {
				ALWAYS_SEARCH_USER_PATHS = NO;
				CLANG_ANALYZER_NONNULL = YES;
				CLANG_ANALYZER_NUMBER_OBJECT_CONVERSION = YES_AGGRESSIVE;
				CLANG_CXX_LANGUAGE_STANDARD = "gnu++14";
				CLANG_CXX_LIBRARY = "libc++";
				CLANG_ENABLE_MODULES = YES;
				CLANG_ENABLE_OBJC_ARC = YES;
				CLANG_ENABLE_OBJC_WEAK = YES;
				CLANG_WARN_BLOCK_CAPTURE_AUTORELEASING = YES;
				CLANG_WARN_BOOL_CONVERSION = YES;
				CLANG_WARN_COMMA = YES;
				CLANG_WARN_CONSTANT_CONVERSION = YES;
				CLANG_WARN_DEPRECATED_OBJC_IMPLEMENTATIONS = YES;
				CLANG_WARN_DIRECT_OBJC_ISA_USAGE = YES_ERROR;
				CLANG_WARN_DOCUMENTATION_COMMENTS = YES;
				CLANG_WARN_EMPTY_BODY = YES;
				CLANG_WARN_ENUM_CONVERSION = YES;
				CLANG_WARN_INFINITE_RECURSION = YES;
				CLANG_WARN_INT_CONVERSION = YES;
				CLANG_WARN_NON_LITERAL_NULL_CONVERSION = YES;
				CLANG_WARN_OBJC_IMPLICIT_RETAIN_SELF = YES;
				CLANG_WARN_OBJC_LITERAL_CONVERSION = YES;
				CLANG_WARN_OBJC_ROOT_CLASS = YES_ERROR;
				CLANG_WARN_RANGE_LOOP_ANALYSIS = YES;
				CLANG_WARN_STRICT_PROTOTYPES = YES;
				CLANG_WARN_SUSPICIOUS_MOVE = YES;
				CLANG_WARN_UNGUARDED_AVAILABILITY = YES_AGGRESSIVE;
				CLANG_WARN_UNREACHABLE_CODE = YES;
				CLANG_WARN__DUPLICATE_METHOD_MATCH = YES;
				CODE_SIGN_IDENTITY = "iPhone Developer";
				COPY_PHASE_STRIP = NO;
				DEBUG_INFORMATION_FORMAT = dwarf;
				ENABLE_STRICT_OBJC_MSGSEND = YES;
				ENABLE_TESTABILITY = YES;
				GCC_C_LANGUAGE_STANDARD = gnu11;
				GCC_DYNAMIC_NO_PIC = NO;
				GCC_NO_COMMON_BLOCKS = YES;
				GCC_OPTIMIZATION_LEVEL = 0;
				GCC_PREPROCESSOR_DEFINITIONS = (
					"DEBUG=1",
					"$(inherited)",
				);
				GCC_WARN_64_TO_32_BIT_CONVERSION = YES;
				GCC_WARN_ABOUT_RETURN_TYPE = YES_ERROR;
				GCC_WARN_UNDECLARED_SELECTOR = YES;
				GCC_WARN_UNINITIALIZED_AUTOS = YES_AGGRESSIVE;
				GCC_WARN_UNUSED_FUNCTION = YES;
				GCC_WARN_UNUSED_VARIABLE = YES;
				IPHONEOS_DEPLOYMENT_TARGET = 12.1;
				MTL_ENABLE_DEBUG_INFO = INCLUDE_SOURCE;
				MTL_FAST_MATH = YES;
				ONLY_ACTIVE_ARCH = YES;
				SDKROOT = iphoneos;
				SWIFT_ACTIVE_COMPILATION_CONDITIONS = DEBUG;
				SWIFT_OPTIMIZATION_LEVEL = "-Onone";
			};
			name = Debug;
		};
		6736A6FA226A241E000BCF62 /* Release */ = {
			isa = XCBuildConfiguration;
			buildSettings = {
				ALWAYS_SEARCH_USER_PATHS = NO;
				CLANG_ANALYZER_NONNULL = YES;
				CLANG_ANALYZER_NUMBER_OBJECT_CONVERSION = YES_AGGRESSIVE;
				CLANG_CXX_LANGUAGE_STANDARD = "gnu++14";
				CLANG_CXX_LIBRARY = "libc++";
				CLANG_ENABLE_MODULES = YES;
				CLANG_ENABLE_OBJC_ARC = YES;
				CLANG_ENABLE_OBJC_WEAK = YES;
				CLANG_WARN_BLOCK_CAPTURE_AUTORELEASING = YES;
				CLANG_WARN_BOOL_CONVERSION = YES;
				CLANG_WARN_COMMA = YES;
				CLANG_WARN_CONSTANT_CONVERSION = YES;
				CLANG_WARN_DEPRECATED_OBJC_IMPLEMENTATIONS = YES;
				CLANG_WARN_DIRECT_OBJC_ISA_USAGE = YES_ERROR;
				CLANG_WARN_DOCUMENTATION_COMMENTS = YES;
				CLANG_WARN_EMPTY_BODY = YES;
				CLANG_WARN_ENUM_CONVERSION = YES;
				CLANG_WARN_INFINITE_RECURSION = YES;
				CLANG_WARN_INT_CONVERSION = YES;
				CLANG_WARN_NON_LITERAL_NULL_CONVERSION = YES;
				CLANG_WARN_OBJC_IMPLICIT_RETAIN_SELF = YES;
				CLANG_WARN_OBJC_LITERAL_CONVERSION = YES;
				CLANG_WARN_OBJC_ROOT_CLASS = YES_ERROR;
				CLANG_WARN_RANGE_LOOP_ANALYSIS = YES;
				CLANG_WARN_STRICT_PROTOTYPES = YES;
				CLANG_WARN_SUSPICIOUS_MOVE = YES;
				CLANG_WARN_UNGUARDED_AVAILABILITY = YES_AGGRESSIVE;
				CLANG_WARN_UNREACHABLE_CODE = YES;
				CLANG_WARN__DUPLICATE_METHOD_MATCH = YES;
				CODE_SIGN_IDENTITY = "iPhone Developer";
				COPY_PHASE_STRIP = NO;
				DEBUG_INFORMATION_FORMAT = "dwarf-with-dsym";
				ENABLE_NS_ASSERTIONS = NO;
				ENABLE_STRICT_OBJC_MSGSEND = YES;
				GCC_C_LANGUAGE_STANDARD = gnu11;
				GCC_NO_COMMON_BLOCKS = YES;
				GCC_WARN_64_TO_32_BIT_CONVERSION = YES;
				GCC_WARN_ABOUT_RETURN_TYPE = YES_ERROR;
				GCC_WARN_UNDECLARED_SELECTOR = YES;
				GCC_WARN_UNINITIALIZED_AUTOS = YES_AGGRESSIVE;
				GCC_WARN_UNUSED_FUNCTION = YES;
				GCC_WARN_UNUSED_VARIABLE = YES;
				IPHONEOS_DEPLOYMENT_TARGET = 12.1;
				MTL_ENABLE_DEBUG_INFO = NO;
				MTL_FAST_MATH = YES;
				SDKROOT = iphoneos;
				SWIFT_COMPILATION_MODE = wholemodule;
				SWIFT_OPTIMIZATION_LEVEL = "-O";
				VALIDATE_PRODUCT = YES;
			};
			name = Release;
		};
		6736A6FC226A241E000BCF62 /* Debug */ = {
			isa = XCBuildConfiguration;
			baseConfigurationReference = 3DA16BABD77085BD4E6E9592 /* Pods-table.debug.xcconfig */;
			buildSettings = {
				ASSETCATALOG_COMPILER_APPICON_NAME = AppIcon;
				CODE_SIGN_STYLE = Automatic;
				INFOPLIST_FILE = table/Info.plist;
				LD_RUNPATH_SEARCH_PATHS = (
					"$(inherited)",
					"@executable_path/Frameworks",
				);
				PRODUCT_BUNDLE_IDENTIFIER = "Mitchell-Petellin.table";
				PRODUCT_NAME = "$(TARGET_NAME)";
				SWIFT_VERSION = 4.2;
				TARGETED_DEVICE_FAMILY = "1,2";
			};
			name = Debug;
		};
		6736A6FD226A241E000BCF62 /* Release */ = {
			isa = XCBuildConfiguration;
			baseConfigurationReference = 82BD629F10F89A7E5AEFB29B /* Pods-table.release.xcconfig */;
			buildSettings = {
				ASSETCATALOG_COMPILER_APPICON_NAME = AppIcon;
				CODE_SIGN_STYLE = Automatic;
				INFOPLIST_FILE = table/Info.plist;
				LD_RUNPATH_SEARCH_PATHS = (
					"$(inherited)",
					"@executable_path/Frameworks",
				);
				PRODUCT_BUNDLE_IDENTIFIER = "Mitchell-Petellin.table";
				PRODUCT_NAME = "$(TARGET_NAME)";
				SWIFT_VERSION = 4.2;
				TARGETED_DEVICE_FAMILY = "1,2";
			};
			name = Release;
		};
		6736A6FF226A241E000BCF62 /* Debug */ = {
			isa = XCBuildConfiguration;
			buildSettings = {
				ALWAYS_EMBED_SWIFT_STANDARD_LIBRARIES = YES;
				BUNDLE_LOADER = "$(TEST_HOST)";
				CODE_SIGN_STYLE = Automatic;
				INFOPLIST_FILE = tableTests/Info.plist;
				LD_RUNPATH_SEARCH_PATHS = (
					"$(inherited)",
					"@executable_path/Frameworks",
					"@loader_path/Frameworks",
				);
				PRODUCT_BUNDLE_IDENTIFIER = "Mitchell-Petellin.tableTests";
				PRODUCT_NAME = "$(TARGET_NAME)";
				SWIFT_VERSION = 4.2;
				TARGETED_DEVICE_FAMILY = "1,2";
				TEST_HOST = "$(BUILT_PRODUCTS_DIR)/table.app/table";
			};
			name = Debug;
		};
		6736A700226A241E000BCF62 /* Release */ = {
			isa = XCBuildConfiguration;
			buildSettings = {
				ALWAYS_EMBED_SWIFT_STANDARD_LIBRARIES = YES;
				BUNDLE_LOADER = "$(TEST_HOST)";
				CODE_SIGN_STYLE = Automatic;
				INFOPLIST_FILE = tableTests/Info.plist;
				LD_RUNPATH_SEARCH_PATHS = (
					"$(inherited)",
					"@executable_path/Frameworks",
					"@loader_path/Frameworks",
				);
				PRODUCT_BUNDLE_IDENTIFIER = "Mitchell-Petellin.tableTests";
				PRODUCT_NAME = "$(TARGET_NAME)";
				SWIFT_VERSION = 4.2;
				TARGETED_DEVICE_FAMILY = "1,2";
				TEST_HOST = "$(BUILT_PRODUCTS_DIR)/table.app/table";
			};
			name = Release;
		};
		6736A702226A241E000BCF62 /* Debug */ = {
			isa = XCBuildConfiguration;
			buildSettings = {
				ALWAYS_EMBED_SWIFT_STANDARD_LIBRARIES = YES;
				CODE_SIGN_STYLE = Automatic;
				INFOPLIST_FILE = tableUITests/Info.plist;
				LD_RUNPATH_SEARCH_PATHS = (
					"$(inherited)",
					"@executable_path/Frameworks",
					"@loader_path/Frameworks",
				);
				PRODUCT_BUNDLE_IDENTIFIER = "Mitchell-Petellin.tableUITests";
				PRODUCT_NAME = "$(TARGET_NAME)";
				SWIFT_VERSION = 4.2;
				TARGETED_DEVICE_FAMILY = "1,2";
				TEST_TARGET_NAME = table;
			};
			name = Debug;
		};
		6736A703226A241E000BCF62 /* Release */ = {
			isa = XCBuildConfiguration;
			buildSettings = {
				ALWAYS_EMBED_SWIFT_STANDARD_LIBRARIES = YES;
				CODE_SIGN_STYLE = Automatic;
				INFOPLIST_FILE = tableUITests/Info.plist;
				LD_RUNPATH_SEARCH_PATHS = (
					"$(inherited)",
					"@executable_path/Frameworks",
					"@loader_path/Frameworks",
				);
				PRODUCT_BUNDLE_IDENTIFIER = "Mitchell-Petellin.tableUITests";
				PRODUCT_NAME = "$(TARGET_NAME)";
				SWIFT_VERSION = 4.2;
				TARGETED_DEVICE_FAMILY = "1,2";
				TEST_TARGET_NAME = table;
			};
			name = Release;
		};
/* End XCBuildConfiguration section */

/* Begin XCConfigurationList section */
		6736A6CB226A241B000BCF62 /* Build configuration list for PBXProject "table" */ = {
			isa = XCConfigurationList;
			buildConfigurations = (
				6736A6F9226A241E000BCF62 /* Debug */,
				6736A6FA226A241E000BCF62 /* Release */,
			);
			defaultConfigurationIsVisible = 0;
			defaultConfigurationName = Release;
		};
		6736A6FB226A241E000BCF62 /* Build configuration list for PBXNativeTarget "table" */ = {
			isa = XCConfigurationList;
			buildConfigurations = (
				6736A6FC226A241E000BCF62 /* Debug */,
				6736A6FD226A241E000BCF62 /* Release */,
			);
			defaultConfigurationIsVisible = 0;
			defaultConfigurationName = Release;
		};
		6736A6FE226A241E000BCF62 /* Build configuration list for PBXNativeTarget "tableTests" */ = {
			isa = XCConfigurationList;
			buildConfigurations = (
				6736A6FF226A241E000BCF62 /* Debug */,
				6736A700226A241E000BCF62 /* Release */,
			);
			defaultConfigurationIsVisible = 0;
			defaultConfigurationName = Release;
		};
		6736A701226A241E000BCF62 /* Build configuration list for PBXNativeTarget "tableUITests" */ = {
			isa = XCConfigurationList;
			buildConfigurations = (
				6736A702226A241E000BCF62 /* Debug */,
				6736A703226A241E000BCF62 /* Release */,
			);
			defaultConfigurationIsVisible = 0;
			defaultConfigurationName = Release;
		};
/* End XCConfigurationList section */

/* Begin XCVersionGroup section */
		6736A6DA226A241B000BCF62 /* table.xcdatamodeld */ = {
			isa = XCVersionGroup;
			children = (
				6736A6DB226A241B000BCF62 /* table.xcdatamodel */,
			);
			currentVersion = 6736A6DB226A241B000BCF62 /* table.xcdatamodel */;
			path = table.xcdatamodeld;
			sourceTree = "<group>";
			versionGroupType = wrapper.xcdatamodel;
		};
/* End XCVersionGroup section */
	};
	rootObject = 6736A6C8226A241B000BCF62 /* Project object */;
}
